
Microsoft Visual Studio Solution File, Format Version 12.00
# Visual Studio Version 17
VisualStudioVersion = 17.5.002.0
MinimumVisualStudioVersion = 10.0.40219.1
Project("{2150E333-8FDC-42A3-9474-1A3956D46DE8}") = "Projects", "Projects", "{A55B7F31-94EF-42A9-980D-396A352870AC}"
EndProject
Project("{9A19103F-16F7-4668-BE54-9A1E7A4F7556}") = "Linq", "Projects\Linq\Linq.csproj", "{71498FA2-4753-4073-B0E9-B4FB507A3153}"
EndProject
Global
	GlobalSection(SolutionConfigurationPlatforms) = preSolution
		Debug|Any CPU = Debug|Any CPU
		Release|Any CPU = Release|Any CPU
	EndGlobalSection
	GlobalSection(ProjectConfigurationPlatforms) = postSolution
		{71498FA2-4753-4073-B0E9-B4FB507A3153}.Debug|Any CPU.ActiveCfg = Debug|Any CPU
		{71498FA2-4753-4073-B0E9-B4FB507A3153}.Debug|Any CPU.Build.0 = Debug|Any CPU
		{71498FA2-4753-4073-B0E9-B4FB507A3153}.Release|Any CPU.ActiveCfg = Release|Any CPU
		{71498FA2-4753-4073-B0E9-B4FB507A3153}.Release|Any CPU.Build.0 = Release|Any CPU
	EndGlobalSection
	GlobalSection(SolutionProperties) = preSolution
		HideSolutionNode = FALSE
	EndGlobalSection
	GlobalSection(NestedProjects) = preSolution
		{71498FA2-4753-4073-B0E9-B4FB507A3153} = {A55B7F31-94EF-42A9-980D-396A352870AC}
	EndGlobalSection
	GlobalSection(ExtensibilityGlobals) = postSolution
		SolutionGuid = {9241301F-D7AD-4215-84F1-DB0039C954D4}
	EndGlobalSection
EndGlobal
